{
  "version": 4,
  "terraform_version": "0.12.24",
  "serial": 175,
  "lineage": "99b85e9f-298c-adab-2f56-4469eecdc6b3",
  "outputs": {},
  "resources": [
    {
      "mode": "managed",
      "type": "aws_instance",
      "name": "private_subnet_instances_az1",
      "provider": "provider.aws",
      "instances": [
        {
          "schema_version": 1,
          "attributes": {
            "ami": "ami-0e01ce4ee18447327",
            "arn": "arn:aws:ec2:us-east-2:863192282163:instance/i-0112c7d8b1aa47ac7",
            "associate_public_ip_address": false,
            "availability_zone": "us-east-2b",
            "cpu_core_count": 1,
            "cpu_threads_per_core": 1,
            "credit_specification": [
              {
                "cpu_credits": "standard"
              }
            ],
            "disable_api_termination": false,
            "ebs_block_device": [],
            "ebs_optimized": false,
            "ephemeral_block_device": [],
            "get_password_data": false,
            "hibernation": false,
            "host_id": null,
            "iam_instance_profile": "",
            "id": "i-0112c7d8b1aa47ac7",
            "instance_initiated_shutdown_behavior": null,
            "instance_state": "running",
            "instance_type": "t2.micro",
            "ipv6_address_count": 0,
            "ipv6_addresses": [],
            "key_name": "aws_ec2_public_key_pair",
            "metadata_options": [
              {
                "http_endpoint": "enabled",
                "http_put_response_hop_limit": 1,
                "http_tokens": "optional"
              }
            ],
            "monitoring": false,
            "network_interface": [],
            "network_interface_id": null,
            "password_data": "",
            "placement_group": "",
            "primary_network_interface_id": "eni-03379caefc7aadad6",
            "private_dns": "ip-10-0-3-6.us-east-2.compute.internal",
            "private_ip": "10.0.3.6",
            "public_dns": "",
            "public_ip": "",
            "root_block_device": [
              {
                "delete_on_termination": true,
                "encrypted": false,
                "iops": 100,
                "kms_key_id": "",
                "volume_id": "vol-0d738e7483ef690b7",
                "volume_size": 8,
                "volume_type": "gp2"
              }
            ],
            "security_groups": [],
            "source_dest_check": true,
            "subnet_id": "subnet-08c0da16baa240daa",
            "tags": {
              "Name": "GOCD instance"
            },
            "tenancy": "default",
            "timeouts": null,
            "user_data": null,
            "user_data_base64": null,
            "volume_tags": {},
            "vpc_security_group_ids": [
              "sg-0bc6bdb0d207a2ef0"
            ]
          },
          "private": "eyJlMmJmYjczMC1lY2FhLTExZTYtOGY4OC0zNDM2M2JjN2M0YzAiOnsiY3JlYXRlIjo2MDAwMDAwMDAwMDAsImRlbGV0ZSI6MTIwMDAwMDAwMDAwMCwidXBkYXRlIjo2MDAwMDAwMDAwMDB9LCJzY2hlbWFfdmVyc2lvbiI6IjEifQ==",
          "dependencies": [
            "aws_key_pair.aws_ec2_public_key_pair",
            "aws_subnet.private_subnet1"
          ]
        }
      ]
    },
    {
      "mode": "managed",
      "type": "aws_instance",
      "name": "private_subnet_instances_az2",
      "provider": "provider.aws",
      "instances": [
        {
          "schema_version": 1,
          "attributes": {
            "ami": "ami-0e01ce4ee18447327",
            "arn": "arn:aws:ec2:us-east-2:863192282163:instance/i-04253d8006a980002",
            "associate_public_ip_address": false,
            "availability_zone": "us-east-2c",
            "cpu_core_count": 1,
            "cpu_threads_per_core": 1,
            "credit_specification": [
              {
                "cpu_credits": "standard"
              }
            ],
            "disable_api_termination": false,
            "ebs_block_device": [],
            "ebs_optimized": false,
            "ephemeral_block_device": [],
            "get_password_data": false,
            "hibernation": false,
            "host_id": null,
            "iam_instance_profile": "",
            "id": "i-04253d8006a980002",
            "instance_initiated_shutdown_behavior": null,
            "instance_state": "running",
            "instance_type": "t2.micro",
            "ipv6_address_count": 0,
            "ipv6_addresses": [],
            "key_name": "aws_ec2_public_key_pair",
            "metadata_options": [
              {
                "http_endpoint": "enabled",
                "http_put_response_hop_limit": 1,
                "http_tokens": "optional"
              }
            ],
            "monitoring": false,
            "network_interface": [],
            "network_interface_id": null,
            "password_data": "",
            "placement_group": "",
            "primary_network_interface_id": "eni-07b344c5e81637eda",
            "private_dns": "ip-10-0-4-4.us-east-2.compute.internal",
            "private_ip": "10.0.4.4",
            "public_dns": "",
            "public_ip": "",
            "root_block_device": [
              {
                "delete_on_termination": true,
                "encrypted": false,
                "iops": 100,
                "kms_key_id": "",
                "volume_id": "vol-0f47fa1b2a752849c",
                "volume_size": 8,
                "volume_type": "gp2"
              }
            ],
            "security_groups": [],
            "source_dest_check": true,
            "subnet_id": "subnet-0ce1307c31b782477",
            "tags": {
              "Name": "Nexus instance"
            },
            "tenancy": "default",
            "timeouts": null,
            "user_data": null,
            "user_data_base64": null,
            "volume_tags": {},
            "vpc_security_group_ids": [
              "sg-0bc6bdb0d207a2ef0"
            ]
          },
          "private": "eyJlMmJmYjczMC1lY2FhLTExZTYtOGY4OC0zNDM2M2JjN2M0YzAiOnsiY3JlYXRlIjo2MDAwMDAwMDAwMDAsImRlbGV0ZSI6MTIwMDAwMDAwMDAwMCwidXBkYXRlIjo2MDAwMDAwMDAwMDB9LCJzY2hlbWFfdmVyc2lvbiI6IjEifQ==",
          "dependencies": [
            "aws_key_pair.aws_ec2_public_key_pair",
            "aws_subnet.private_subnet2"
          ]
        }
      ]
    },
    {
      "mode": "managed",
      "type": "aws_instance",
      "name": "public_subnet_bastian_instance_az1",
      "provider": "provider.aws",
      "instances": [
        {
          "schema_version": 1,
          "attributes": {
            "ami": "ami-0e01ce4ee18447327",
            "arn": "arn:aws:ec2:us-east-2:863192282163:instance/i-08926845905cc72f0",
            "associate_public_ip_address": true,
            "availability_zone": "us-east-2b",
            "cpu_core_count": 1,
            "cpu_threads_per_core": 1,
            "credit_specification": [
              {
                "cpu_credits": "standard"
              }
            ],
            "disable_api_termination": false,
            "ebs_block_device": [],
            "ebs_optimized": false,
            "ephemeral_block_device": [],
            "get_password_data": false,
            "hibernation": false,
            "host_id": null,
            "iam_instance_profile": "",
            "id": "i-08926845905cc72f0",
            "instance_initiated_shutdown_behavior": null,
            "instance_state": "running",
            "instance_type": "t2.micro",
            "ipv6_address_count": 0,
            "ipv6_addresses": [],
            "key_name": "aws_ec2_public_key_pair",
            "metadata_options": [
              {
                "http_endpoint": "enabled",
                "http_put_response_hop_limit": 1,
                "http_tokens": "optional"
              }
            ],
            "monitoring": false,
            "network_interface": [],
            "network_interface_id": null,
            "password_data": "",
            "placement_group": "",
            "primary_network_interface_id": "eni-0fc968fcd9c745f52",
            "private_dns": "ip-10-0-1-9.us-east-2.compute.internal",
            "private_ip": "10.0.1.9",
            "public_dns": "",
            "public_ip": "3.15.13.166",
            "root_block_device": [
              {
                "delete_on_termination": true,
                "encrypted": false,
                "iops": 100,
                "kms_key_id": "",
                "volume_id": "vol-01d0a995d8412fe08",
                "volume_size": 8,
                "volume_type": "gp2"
              }
            ],
            "security_groups": [
              "sg-050d6aa653b02dc2b"
            ],
            "source_dest_check": true,
            "subnet_id": "subnet-0bc4d3146df59ae05",
            "tags": {
              "Name": "bastian instnace"
            },
            "tenancy": "default",
            "timeouts": null,
            "user_data": null,
            "user_data_base64": null,
            "volume_tags": {},
            "vpc_security_group_ids": [
              "sg-050d6aa653b02dc2b"
            ]
          },
          "private": "eyJlMmJmYjczMC1lY2FhLTExZTYtOGY4OC0zNDM2M2JjN2M0YzAiOnsiY3JlYXRlIjo2MDAwMDAwMDAwMDAsImRlbGV0ZSI6MTIwMDAwMDAwMDAwMCwidXBkYXRlIjo2MDAwMDAwMDAwMDB9LCJzY2hlbWFfdmVyc2lvbiI6IjEifQ==",
          "dependencies": [
            "aws_key_pair.aws_ec2_public_key_pair",
            "aws_security_group.allow_SSH_NGINX_bastian",
            "aws_subnet.public_subnet1"
          ]
        }
      ]
    },
    {
      "mode": "managed",
      "type": "aws_instance",
      "name": "public_subnet_nginx_instance1_az2",
      "provider": "provider.aws",
      "instances": [
        {
          "schema_version": 1,
          "attributes": {
            "ami": "ami-0e01ce4ee18447327",
            "arn": "arn:aws:ec2:us-east-2:863192282163:instance/i-070073e5391b5b44b",
            "associate_public_ip_address": true,
            "availability_zone": "us-east-2c",
            "cpu_core_count": 1,
            "cpu_threads_per_core": 1,
            "credit_specification": [
              {
                "cpu_credits": "standard"
              }
            ],
            "disable_api_termination": false,
            "ebs_block_device": [],
            "ebs_optimized": false,
            "ephemeral_block_device": [],
            "get_password_data": false,
            "hibernation": false,
            "host_id": null,
            "iam_instance_profile": "",
            "id": "i-070073e5391b5b44b",
            "instance_initiated_shutdown_behavior": null,
            "instance_state": "running",
            "instance_type": "t2.micro",
            "ipv6_address_count": 0,
            "ipv6_addresses": [],
            "key_name": "aws_ec2_public_key_pair",
            "metadata_options": [
              {
                "http_endpoint": "enabled",
                "http_put_response_hop_limit": 1,
                "http_tokens": "optional"
              }
            ],
            "monitoring": false,
            "network_interface": [],
            "network_interface_id": null,
            "password_data": "",
            "placement_group": "",
            "primary_network_interface_id": "eni-0446a504d60a5dcd3",
            "private_dns": "ip-10-0-2-11.us-east-2.compute.internal",
            "private_ip": "10.0.2.11",
            "public_dns": "",
            "public_ip": "18.216.227.47",
            "root_block_device": [
              {
                "delete_on_termination": true,
                "encrypted": false,
                "iops": 100,
                "kms_key_id": "",
                "volume_id": "vol-0e6df90196dec5de1",
                "volume_size": 8,
                "volume_type": "gp2"
              }
            ],
            "security_groups": [
              "sg-07bf02b1852d6c2c2"
            ],
            "source_dest_check": true,
            "subnet_id": "subnet-0a254a9c022d725ce",
            "tags": {
              "Name": "nginx instance 1"
            },
            "tenancy": "default",
            "timeouts": null,
            "user_data": null,
            "user_data_base64": null,
            "volume_tags": {},
            "vpc_security_group_ids": [
              "sg-07bf02b1852d6c2c2"
            ]
          },
          "private": "eyJlMmJmYjczMC1lY2FhLTExZTYtOGY4OC0zNDM2M2JjN2M0YzAiOnsiY3JlYXRlIjo2MDAwMDAwMDAwMDAsImRlbGV0ZSI6MTIwMDAwMDAwMDAwMCwidXBkYXRlIjo2MDAwMDAwMDAwMDB9LCJzY2hlbWFfdmVyc2lvbiI6IjEifQ==",
          "dependencies": [
            "aws_key_pair.aws_ec2_public_key_pair",
            "aws_security_group.allow_SSH_Nginx_internal_inbounds",
            "aws_subnet.public_subnet2"
          ]
        }
      ]
    },
    {
      "mode": "managed",
      "type": "aws_instance",
      "name": "public_subnet_nginx_instance2_az2",
      "provider": "provider.aws",
      "instances": [
        {
          "schema_version": 1,
          "attributes": {
            "ami": "ami-0e01ce4ee18447327",
            "arn": "arn:aws:ec2:us-east-2:863192282163:instance/i-02a8903736064a5ec",
            "associate_public_ip_address": true,
            "availability_zone": "us-east-2c",
            "cpu_core_count": 1,
            "cpu_threads_per_core": 1,
            "credit_specification": [
              {
                "cpu_credits": "standard"
              }
            ],
            "disable_api_termination": false,
            "ebs_block_device": [],
            "ebs_optimized": false,
            "ephemeral_block_device": [],
            "get_password_data": false,
            "hibernation": false,
            "host_id": null,
            "iam_instance_profile": "",
            "id": "i-02a8903736064a5ec",
            "instance_initiated_shutdown_behavior": null,
            "instance_state": "running",
            "instance_type": "t2.micro",
            "ipv6_address_count": 0,
            "ipv6_addresses": [],
            "key_name": "aws_ec2_public_key_pair",
            "metadata_options": [
              {
                "http_endpoint": "enabled",
                "http_put_response_hop_limit": 1,
                "http_tokens": "optional"
              }
            ],
            "monitoring": false,
            "network_interface": [],
            "network_interface_id": null,
            "password_data": "",
            "placement_group": "",
            "primary_network_interface_id": "eni-0d6c06f7d8c2ae4f6",
            "private_dns": "ip-10-0-2-6.us-east-2.compute.internal",
            "private_ip": "10.0.2.6",
            "public_dns": "",
            "public_ip": "3.16.148.40",
            "root_block_device": [
              {
                "delete_on_termination": true,
                "encrypted": false,
                "iops": 100,
                "kms_key_id": "",
                "volume_id": "vol-01399dbdb22aeeee7",
                "volume_size": 8,
                "volume_type": "gp2"
              }
            ],
            "security_groups": [
              "sg-07bf02b1852d6c2c2"
            ],
            "source_dest_check": true,
            "subnet_id": "subnet-0a254a9c022d725ce",
            "tags": {
              "Name": "nginx instance 2"
            },
            "tenancy": "default",
            "timeouts": null,
            "user_data": null,
            "user_data_base64": null,
            "volume_tags": {},
            "vpc_security_group_ids": [
              "sg-07bf02b1852d6c2c2"
            ]
          },
          "private": "eyJlMmJmYjczMC1lY2FhLTExZTYtOGY4OC0zNDM2M2JjN2M0YzAiOnsiY3JlYXRlIjo2MDAwMDAwMDAwMDAsImRlbGV0ZSI6MTIwMDAwMDAwMDAwMCwidXBkYXRlIjo2MDAwMDAwMDAwMDB9LCJzY2hlbWFfdmVyc2lvbiI6IjEifQ==",
          "dependencies": [
            "aws_key_pair.aws_ec2_public_key_pair",
            "aws_security_group.allow_SSH_Nginx_internal_inbounds",
            "aws_subnet.public_subnet2"
          ]
        }
      ]
    },
    {
      "mode": "managed",
      "type": "aws_internet_gateway",
      "name": "first_igw",
      "provider": "provider.aws",
      "instances": [
        {
          "schema_version": 0,
          "attributes": {
            "id": "igw-0a2b3812b44b817f6",
            "owner_id": "863192282163",
            "tags": {
              "Name": "first_igw"
            },
            "vpc_id": "vpc-058822710404bc0bb"
          },
          "private": "bnVsbA==",
          "dependencies": [
            "aws_vpc.terraform_iti_vpc"
          ]
        }
      ]
    },
    {
      "mode": "managed",
      "type": "aws_key_pair",
      "name": "aws_ec2_public_key_pair",
      "provider": "provider.aws",
      "instances": [
        {
          "schema_version": 1,
          "attributes": {
            "fingerprint": "5d:1f:cb:6d:56:99:ae:7b:18:fe:eb:91:47:fd:c1:82",
            "id": "aws_ec2_public_key_pair",
            "key_name": "aws_ec2_public_key_pair",
            "key_name_prefix": null,
            "key_pair_id": "key-04b6553aa6d43cdb4",
            "public_key": "ssh-rsa AAAAB3NzaC1yc2EAAAADAQABAAABAQDACEtzgHvcLquAyQewG0dWtR2o1Dc5B/6CB37XJyzY09AUe/N3cSgN2n/XuLKkxfnVGyMWwzx0w/PE2gLMAvVkQngHEj0hpLYUTZvjxQZ5fLqmQywBFdXuMrWJJR0w5/tzoKUuqCsuu+N3+42InG+P6ItQToQZY1nUAGSXTKqwlmy1ZC8Y/BJmayA44cGZgtQp5EwCNcJrolX7XeZYgRsQV1+bEP4rYPfDJKW2NVnsqs3PoQkWjrLxExLgvZZXG4M8bGkZ4gOOn7gVQIHiLwNkm+EmWhu9t6xDC5ANfcmR2glEQzImE4+WWY3x5GMwUVS/z+qLKGPhrkEJdTWy1TDN",
            "tags": {}
          },
          "private": "eyJzY2hlbWFfdmVyc2lvbiI6IjEifQ==",
          "dependencies": [
            "tls_private_key.aws_terraform_key"
          ]
        }
      ]
    },
    {
      "mode": "managed",
      "type": "aws_route_table",
      "name": "private_route_table",
      "provider": "provider.aws",
      "instances": [
        {
          "schema_version": 0,
          "attributes": {
            "id": "rtb-05748e8c396f2308c",
            "owner_id": "863192282163",
            "propagating_vgws": [],
            "route": [],
            "tags": {
              "Name": "private_route_table"
            },
            "vpc_id": "vpc-058822710404bc0bb"
          },
          "private": "bnVsbA==",
          "dependencies": [
            "aws_vpc.terraform_iti_vpc"
          ]
        }
      ]
    },
    {
      "mode": "managed",
      "type": "aws_route_table",
      "name": "public_route_table",
      "provider": "provider.aws",
      "instances": [
        {
          "schema_version": 0,
          "attributes": {
            "id": "rtb-0a6224601e44bc940",
            "owner_id": "863192282163",
            "propagating_vgws": [],
            "route": [
              {
                "cidr_block": "0.0.0.0/0",
                "egress_only_gateway_id": "",
                "gateway_id": "igw-0a2b3812b44b817f6",
                "instance_id": "",
                "ipv6_cidr_block": "",
                "nat_gateway_id": "",
                "network_interface_id": "",
                "transit_gateway_id": "",
                "vpc_peering_connection_id": ""
              }
            ],
            "tags": {
              "Name": "public_route_table"
            },
            "vpc_id": "vpc-058822710404bc0bb"
          },
          "private": "bnVsbA==",
          "dependencies": [
            "aws_internet_gateway.first_igw",
            "aws_vpc.terraform_iti_vpc"
          ]
        }
      ]
    },
    {
      "mode": "managed",
      "type": "aws_route_table_association",
      "name": "associate_private_subnet1_route_table",
      "provider": "provider.aws",
      "instances": [
        {
          "schema_version": 0,
          "attributes": {
            "gateway_id": null,
            "id": "rtbassoc-09833a0ea32008f8d",
            "route_table_id": "rtb-05748e8c396f2308c",
            "subnet_id": "subnet-08c0da16baa240daa"
          },
          "private": "bnVsbA==",
          "dependencies": [
            "aws_route_table.private_route_table",
            "aws_subnet.private_subnet1",
            "aws_vpc.terraform_iti_vpc"
          ]
        }
      ]
    },
    {
      "mode": "managed",
      "type": "aws_route_table_association",
      "name": "associate_private_subnet2_route_table",
      "provider": "provider.aws",
      "instances": [
        {
          "schema_version": 0,
          "attributes": {
            "gateway_id": null,
            "id": "rtbassoc-0d6c0bcc4234b13c3",
            "route_table_id": "rtb-05748e8c396f2308c",
            "subnet_id": "subnet-0ce1307c31b782477"
          },
          "private": "bnVsbA==",
          "dependencies": [
            "aws_route_table.private_route_table",
            "aws_subnet.private_subnet2",
            "aws_vpc.terraform_iti_vpc"
          ]
        }
      ]
    },
    {
      "mode": "managed",
      "type": "aws_route_table_association",
      "name": "associate_public_subnet1_route_table",
      "provider": "provider.aws",
      "instances": [
        {
          "schema_version": 0,
          "attributes": {
            "gateway_id": null,
            "id": "rtbassoc-013ab29669918548c",
            "route_table_id": "rtb-0a6224601e44bc940",
            "subnet_id": "subnet-0bc4d3146df59ae05"
          },
          "private": "bnVsbA==",
          "dependencies": [
            "aws_internet_gateway.first_igw",
            "aws_route_table.public_route_table",
            "aws_subnet.public_subnet1",
            "aws_vpc.terraform_iti_vpc"
          ]
        }
      ]
    },
    {
      "mode": "managed",
      "type": "aws_route_table_association",
      "name": "associate_public_subnet2_route_table",
      "provider": "provider.aws",
      "instances": [
        {
          "schema_version": 0,
          "attributes": {
            "gateway_id": null,
            "id": "rtbassoc-06e50f2bb7d2259b6",
            "route_table_id": "rtb-0a6224601e44bc940",
            "subnet_id": "subnet-0a254a9c022d725ce"
          },
          "private": "bnVsbA==",
          "dependencies": [
            "aws_internet_gateway.first_igw",
            "aws_route_table.public_route_table",
            "aws_subnet.public_subnet2",
            "aws_vpc.terraform_iti_vpc"
          ]
        }
      ]
    },
    {
      "mode": "managed",
      "type": "aws_secretsmanager_secret",
      "name": "aws_secrete_manager_key",
      "provider": "provider.aws",
      "instances": [
        {
          "schema_version": 0,
          "attributes": {
            "arn": "arn:aws:secretsmanager:us-east-2:863192282163:secret:aws_secrete_manager_key_terraform-p0w4JM",
            "description": "",
            "id": "arn:aws:secretsmanager:us-east-2:863192282163:secret:aws_secrete_manager_key_terraform-p0w4JM",
            "kms_key_id": "",
            "name": "aws_secrete_manager_key_terraform",
            "name_prefix": null,
            "policy": null,
            "recovery_window_in_days": 30,
            "rotation_enabled": false,
            "rotation_lambda_arn": "",
            "rotation_rules": [],
            "tags": {}
          },
          "private": "bnVsbA=="
        }
      ]
    },
    {
      "mode": "managed",
      "type": "aws_secretsmanager_secret_version",
      "name": "aws_ec2_private_key",
      "provider": "provider.aws",
      "instances": [
        {
          "schema_version": 0,
          "attributes": {
            "arn": "arn:aws:secretsmanager:us-east-2:863192282163:secret:aws_secrete_manager_key_terraform-p0w4JM",
            "id": "arn:aws:secretsmanager:us-east-2:863192282163:secret:aws_secrete_manager_key_terraform-p0w4JM|5B6BBF6F-854E-4565-8338-9A02FAFEE42F",
            "secret_binary": "",
            "secret_id": "arn:aws:secretsmanager:us-east-2:863192282163:secret:aws_secrete_manager_key_terraform-p0w4JM",
            "secret_string": "-----BEGIN RSA PRIVATE KEY-----\nMIIEpAIBAAKCAQEAwAhLc4B73C6rgMkHsBtHVrUdqNQ3OQf+ggd+1ycs2NPQFHvz\nd3EoDdp/17iypMX51RsjFsM8dMPzxNoCzAL1ZEJ4BxI9IaS2FE2b48UGeXy6pkMs\nARXV7jK1iSUdMOf7c6ClLqgrLrvjd/uNiJxvj+iLUE6EGWNZ1ABkl0yqsJZstWQv\nGPwSZmsgOOHBmYLUKeRMAjXCa6JV+13mWIEbEFdfmxD+K2D3wySltjVZ7KrNz6EJ\nFo6y8RMS4L2WVxuDPGxpGeIDjp+4FUCB4i8DZJvhJlobvbesQwuQDX3JkdoJREMy\nJhOPllmN8eRjMFFUv8/qiyhj4a5BCXU1stUwzQIDAQABAoIBAEmmJMHsohRlNdOT\nxkYNgEPJ/NEWawONhFf8ZfJAjRuvyNtCWrMRjAocJfHnXWSCpXnNCZ0eTd5+lMyH\nzJDQBatpLr2PijCQCmEpDsPBeeU4KCHCG2tjI4RSoHsz58ks/6xuDUwipUUsPGZ0\n7OhbDxKDXoLzSgiuqPH9IJdCiShmLoGPWcHJt/R4yOop9aj58Mbs2te8WT+3KJug\nocFthhqRaD+E9BKcsD3JfMgPXr7sOvVGy6El/2ktGLA7JRDmbzJQGATX5v87YeIc\nA+9fUsfTjiIyk6YxQUfjmN924qfgdx0QSIFOJrYn/jnowAtkWSn1gVc8SXvk5Es3\nMBpPtUUCgYEA0fE96kBasOnkCp5laH7oCszRG3qvcaGUuT2oO83wRqh05nSQKSHt\nNeOyeWH2Vm81xLbKsBoDKFuaD/dA+KPzyD7DRcDTYHgvLT42PoA9fyWCM9Dbyk39\neHD+ncN3+kEMUowxhW5NdFgcWtqITRfSsAasvaA5Uu8LiWEvXdiyUzsCgYEA6iky\nQ319ezY5J66vEjeLVqQefLJuoBwB+krfDdrHq6eYyWDfFpzFPSMWXBnyFpq1b78Z\nifyzn7ITw381PybprrM8Zk4B20RJ45uCgcMDl+mFwr7PLatHsAkKZxHa2SgiNWek\n7HMZkoQ7v9lVUu3jCAYZQJE1MVrImowoRdruu5cCgYEApltN34BNHODJJazr2Eiv\nYFd53xdxTE5oRfzYgUMngSXdM/vre9x5VflupAZ/J3CKH61koPSLygAD7WDUZ/Gq\nq+Mn4u7v0AKMB4LDgvUlRcoYCS0X7I+uKTEIYUTRnkjLFeInH38O+wESvt9poAUf\nmwI/ASekJNZswthyqx+Z9p8CgYEAtCUbcUay6b6OfBPsxjQLM42xkrdnWjAR6W/+\naFc/M7UNWyf2mRvktiMvSY4AbBl7qku3pyvNOPe0MrvDyCD0uJ1Vw1MSJJFF0yBJ\nZ/ES66URbgCDvRu/XBOoeCEJX/V7U+C3xdzK+KhYm0DlXpZ7Cio+9SiBZsXz/MoF\nFbDX52MCgYAudFFJjUlY9bhNMS5WJFtgYYo2DdQVXcgkcpkIE48sTVz0Dwsc75kT\nHC3LVRdMq4Lwdsg+1gkR4UnFMi/dJzIWAB2xMqlfkEsVGljAMf0L27aS3EATuh7F\nya5bcRa9FG5cCNRcz03w1ieWjIQJZN9th3I8rqgZU6EybXh6nNm9ZA==\n-----END RSA PRIVATE KEY-----\n",
            "version_id": "5B6BBF6F-854E-4565-8338-9A02FAFEE42F",
            "version_stages": [
              "AWSCURRENT"
            ]
          },
          "private": "bnVsbA==",
          "dependencies": [
            "aws_secretsmanager_secret.aws_secrete_manager_key",
            "tls_private_key.aws_terraform_key"
          ]
        }
      ]
    },
    {
      "mode": "managed",
      "type": "aws_security_group",
      "name": "allow_SSH_GOCD_internal_inbounds",
      "provider": "provider.aws",
      "instances": [
        {
          "schema_version": 1,
          "attributes": {
            "arn": "arn:aws:ec2:us-east-2:863192282163:security-group/sg-05bd32b5010a782bf",
            "description": "Allow SSH and SSH_GOCD_internal inbounds",
            "egress": [
              {
                "cidr_blocks": [
                  "0.0.0.0/0"
                ],
                "description": "",
                "from_port": 0,
                "ipv6_cidr_blocks": [],
                "prefix_list_ids": [],
                "protocol": "-1",
                "security_groups": [],
                "self": false,
                "to_port": 0
              }
            ],
            "id": "sg-05bd32b5010a782bf",
            "ingress": [
              {
                "cidr_blocks": [
                  "10.0.0.0/16"
                ],
                "description": "Allow GOCD to internal.",
                "from_port": 8153,
                "ipv6_cidr_blocks": [],
                "prefix_list_ids": [],
                "protocol": "tcp",
                "security_groups": [],
                "self": false,
                "to_port": 8153
              },
              {
                "cidr_blocks": [
                  "10.0.0.0/16"
                ],
                "description": "Allow SSH to internal.",
                "from_port": 22,
                "ipv6_cidr_blocks": [],
                "prefix_list_ids": [],
                "protocol": "tcp",
                "security_groups": [],
                "self": false,
                "to_port": 22
              }
            ],
            "name": "allow_internal_SSH_GOCD",
            "name_prefix": null,
            "owner_id": "863192282163",
            "revoke_rules_on_delete": false,
            "tags": {
              "Name": "allow ssh and NGINX internal inbounds"
            },
            "timeouts": null,
            "vpc_id": "vpc-058822710404bc0bb"
          },
          "private": "eyJlMmJmYjczMC1lY2FhLTExZTYtOGY4OC0zNDM2M2JjN2M0YzAiOnsiY3JlYXRlIjo2MDAwMDAwMDAwMDAsImRlbGV0ZSI6NjAwMDAwMDAwMDAwfSwic2NoZW1hX3ZlcnNpb24iOiIxIn0=",
          "dependencies": [
            "aws_vpc.terraform_iti_vpc"
          ]
        }
      ]
    },
    {
      "mode": "managed",
      "type": "aws_security_group",
      "name": "allow_SSH_NGINX_bastian",
      "provider": "provider.aws",
      "instances": [
        {
          "schema_version": 1,
          "attributes": {
            "arn": "arn:aws:ec2:us-east-2:863192282163:security-group/sg-050d6aa653b02dc2b",
            "description": "Allow SSH and NGINX inbound traffic",
            "egress": [
              {
                "cidr_blocks": [
                  "0.0.0.0/0"
                ],
                "description": "",
                "from_port": 0,
                "ipv6_cidr_blocks": [],
                "prefix_list_ids": [],
                "protocol": "-1",
                "security_groups": [],
                "self": false,
                "to_port": 0
              }
            ],
            "id": "sg-050d6aa653b02dc2b",
            "ingress": [
              {
                "cidr_blocks": [
                  "0.0.0.0/0"
                ],
                "description": "Allow Nginx to VPC.",
                "from_port": 80,
                "ipv6_cidr_blocks": [],
                "prefix_list_ids": [],
                "protocol": "tcp",
                "security_groups": [],
                "self": false,
                "to_port": 80
              },
              {
                "cidr_blocks": [
                  "0.0.0.0/0"
                ],
                "description": "Allow SSH to VPC.",
                "from_port": 22,
                "ipv6_cidr_blocks": [],
                "prefix_list_ids": [],
                "protocol": "tcp",
                "security_groups": [],
                "self": false,
                "to_port": 22
              }
            ],
            "name": "allow_SSH_NGINX",
            "name_prefix": null,
            "owner_id": "863192282163",
            "revoke_rules_on_delete": false,
            "tags": {
              "Name": "allow ssh and NGINX"
            },
            "timeouts": null,
            "vpc_id": "vpc-058822710404bc0bb"
          },
          "private": "eyJlMmJmYjczMC1lY2FhLTExZTYtOGY4OC0zNDM2M2JjN2M0YzAiOnsiY3JlYXRlIjo2MDAwMDAwMDAwMDAsImRlbGV0ZSI6NjAwMDAwMDAwMDAwfSwic2NoZW1hX3ZlcnNpb24iOiIxIn0=",
          "dependencies": [
            "aws_vpc.terraform_iti_vpc"
          ]
        }
      ]
    },
    {
      "mode": "managed",
      "type": "aws_security_group",
      "name": "allow_SSH_Nexus_internal_inbounds",
      "provider": "provider.aws",
      "instances": [
        {
          "schema_version": 1,
          "attributes": {
            "arn": "arn:aws:ec2:us-east-2:863192282163:security-group/sg-0f292ac62622d10be",
            "description": "Allow SSH and SSH_Nexus_internal inbounds",
            "egress": [
              {
                "cidr_blocks": [
                  "0.0.0.0/0"
                ],
                "description": "",
                "from_port": 0,
                "ipv6_cidr_blocks": [],
                "prefix_list_ids": [],
                "protocol": "-1",
                "security_groups": [],
                "self": false,
                "to_port": 0
              }
            ],
            "id": "sg-0f292ac62622d10be",
            "ingress": [
              {
                "cidr_blocks": [
                  "10.0.0.0/16"
                ],
                "description": "Allow Nexus to internal.",
                "from_port": 8081,
                "ipv6_cidr_blocks": [],
                "prefix_list_ids": [],
                "protocol": "tcp",
                "security_groups": [],
                "self": false,
                "to_port": 8081
              },
              {
                "cidr_blocks": [
                  "10.0.0.0/16"
                ],
                "description": "Allow SSH to internal.",
                "from_port": 22,
                "ipv6_cidr_blocks": [],
                "prefix_list_ids": [],
                "protocol": "tcp",
                "security_groups": [],
                "self": false,
                "to_port": 22
              }
            ],
            "name": "allow_internal_SSH_Nexus",
            "name_prefix": null,
            "owner_id": "863192282163",
            "revoke_rules_on_delete": false,
            "tags": {
              "Name": "allow ssh and NGINX internal inbounds"
            },
            "timeouts": null,
            "vpc_id": "vpc-058822710404bc0bb"
          },
          "private": "eyJlMmJmYjczMC1lY2FhLTExZTYtOGY4OC0zNDM2M2JjN2M0YzAiOnsiY3JlYXRlIjo2MDAwMDAwMDAwMDAsImRlbGV0ZSI6NjAwMDAwMDAwMDAwfSwic2NoZW1hX3ZlcnNpb24iOiIxIn0=",
          "dependencies": [
            "aws_vpc.terraform_iti_vpc"
          ]
        }
      ]
    },
    {
      "mode": "managed",
      "type": "aws_security_group",
      "name": "allow_SSH_Nginx_internal_inbounds",
      "provider": "provider.aws",
      "instances": [
        {
          "schema_version": 1,
          "attributes": {
            "arn": "arn:aws:ec2:us-east-2:863192282163:security-group/sg-07bf02b1852d6c2c2",
            "description": "Allow SSH and SSH_NGINXinternal inbounds",
            "egress": [
              {
                "cidr_blocks": [
                  "0.0.0.0/0"
                ],
                "description": "",
                "from_port": 0,
                "ipv6_cidr_blocks": [],
                "prefix_list_ids": [],
                "protocol": "-1",
                "security_groups": [],
                "self": false,
                "to_port": 0
              }
            ],
            "id": "sg-07bf02b1852d6c2c2",
            "ingress": [
              {
                "cidr_blocks": [
                  "10.0.0.0/16"
                ],
                "description": "Allow Nginx to internal.",
                "from_port": 80,
                "ipv6_cidr_blocks": [],
                "prefix_list_ids": [],
                "protocol": "tcp",
                "security_groups": [],
                "self": false,
                "to_port": 80
              },
              {
                "cidr_blocks": [
                  "10.0.0.0/16"
                ],
                "description": "Allow SSH to internal.",
                "from_port": 22,
                "ipv6_cidr_blocks": [],
                "prefix_list_ids": [],
                "protocol": "tcp",
                "security_groups": [],
                "self": false,
                "to_port": 22
              }
            ],
            "name": "allow_internal_SSH_NGINX",
            "name_prefix": null,
            "owner_id": "863192282163",
            "revoke_rules_on_delete": false,
            "tags": {
              "Name": "allow ssh and NGINX internal inbounds"
            },
            "timeouts": null,
            "vpc_id": "vpc-058822710404bc0bb"
          },
          "private": "eyJlMmJmYjczMC1lY2FhLTExZTYtOGY4OC0zNDM2M2JjN2M0YzAiOnsiY3JlYXRlIjo2MDAwMDAwMDAwMDAsImRlbGV0ZSI6NjAwMDAwMDAwMDAwfSwic2NoZW1hX3ZlcnNpb24iOiIxIn0=",
          "dependencies": [
            "aws_vpc.terraform_iti_vpc"
          ]
        }
      ]
    },
    {
      "mode": "managed",
      "type": "aws_subnet",
      "name": "private_subnet1",
      "provider": "provider.aws",
      "instances": [
        {
          "schema_version": 1,
          "attributes": {
            "arn": "arn:aws:ec2:us-east-2:863192282163:subnet/subnet-08c0da16baa240daa",
            "assign_ipv6_address_on_creation": false,
            "availability_zone": "us-east-2b",
            "availability_zone_id": "use2-az2",
            "cidr_block": "10.0.3.0/28",
            "id": "subnet-08c0da16baa240daa",
            "ipv6_cidr_block": "",
            "ipv6_cidr_block_association_id": "",
            "map_public_ip_on_launch": false,
            "owner_id": "863192282163",
            "tags": {
              "Name": "private_subnet1"
            },
            "timeouts": null,
            "vpc_id": "vpc-058822710404bc0bb"
          },
          "private": "eyJlMmJmYjczMC1lY2FhLTExZTYtOGY4OC0zNDM2M2JjN2M0YzAiOnsiY3JlYXRlIjo2MDAwMDAwMDAwMDAsImRlbGV0ZSI6MTIwMDAwMDAwMDAwMH0sInNjaGVtYV92ZXJzaW9uIjoiMSJ9",
          "dependencies": [
            "aws_vpc.terraform_iti_vpc"
          ]
        }
      ]
    },
    {
      "mode": "managed",
      "type": "aws_subnet",
      "name": "private_subnet2",
      "provider": "provider.aws",
      "instances": [
        {
          "schema_version": 1,
          "attributes": {
            "arn": "arn:aws:ec2:us-east-2:863192282163:subnet/subnet-0ce1307c31b782477",
            "assign_ipv6_address_on_creation": false,
            "availability_zone": "us-east-2c",
            "availability_zone_id": "use2-az3",
            "cidr_block": "10.0.4.0/28",
            "id": "subnet-0ce1307c31b782477",
            "ipv6_cidr_block": "",
            "ipv6_cidr_block_association_id": "",
            "map_public_ip_on_launch": false,
            "owner_id": "863192282163",
            "tags": {
              "Name": "private_subnet2"
            },
            "timeouts": null,
            "vpc_id": "vpc-058822710404bc0bb"
          },
          "private": "eyJlMmJmYjczMC1lY2FhLTExZTYtOGY4OC0zNDM2M2JjN2M0YzAiOnsiY3JlYXRlIjo2MDAwMDAwMDAwMDAsImRlbGV0ZSI6MTIwMDAwMDAwMDAwMH0sInNjaGVtYV92ZXJzaW9uIjoiMSJ9",
          "dependencies": [
            "aws_vpc.terraform_iti_vpc"
          ]
        }
      ]
    },
    {
      "mode": "managed",
      "type": "aws_subnet",
      "name": "public_subnet1",
      "provider": "provider.aws",
      "instances": [
        {
          "schema_version": 1,
          "attributes": {
            "arn": "arn:aws:ec2:us-east-2:863192282163:subnet/subnet-0bc4d3146df59ae05",
            "assign_ipv6_address_on_creation": false,
            "availability_zone": "us-east-2b",
            "availability_zone_id": "use2-az2",
            "cidr_block": "10.0.1.0/28",
            "id": "subnet-0bc4d3146df59ae05",
            "ipv6_cidr_block": "",
            "ipv6_cidr_block_association_id": "",
            "map_public_ip_on_launch": true,
            "owner_id": "863192282163",
            "tags": {
              "Name": "public_subnet1"
            },
            "timeouts": null,
            "vpc_id": "vpc-058822710404bc0bb"
          },
          "private": "eyJlMmJmYjczMC1lY2FhLTExZTYtOGY4OC0zNDM2M2JjN2M0YzAiOnsiY3JlYXRlIjo2MDAwMDAwMDAwMDAsImRlbGV0ZSI6MTIwMDAwMDAwMDAwMH0sInNjaGVtYV92ZXJzaW9uIjoiMSJ9",
          "dependencies": [
            "aws_vpc.terraform_iti_vpc"
          ]
        }
      ]
    },
    {
      "mode": "managed",
      "type": "aws_subnet",
      "name": "public_subnet2",
      "provider": "provider.aws",
      "instances": [
        {
          "schema_version": 1,
          "attributes": {
            "arn": "arn:aws:ec2:us-east-2:863192282163:subnet/subnet-0a254a9c022d725ce",
            "assign_ipv6_address_on_creation": false,
            "availability_zone": "us-east-2c",
            "availability_zone_id": "use2-az3",
            "cidr_block": "10.0.2.0/28",
            "id": "subnet-0a254a9c022d725ce",
            "ipv6_cidr_block": "",
            "ipv6_cidr_block_association_id": "",
            "map_public_ip_on_launch": true,
            "owner_id": "863192282163",
            "tags": {
              "Name": "public_subnet2"
            },
            "timeouts": null,
            "vpc_id": "vpc-058822710404bc0bb"
          },
          "private": "eyJlMmJmYjczMC1lY2FhLTExZTYtOGY4OC0zNDM2M2JjN2M0YzAiOnsiY3JlYXRlIjo2MDAwMDAwMDAwMDAsImRlbGV0ZSI6MTIwMDAwMDAwMDAwMH0sInNjaGVtYV92ZXJzaW9uIjoiMSJ9",
          "dependencies": [
            "aws_vpc.terraform_iti_vpc"
          ]
        }
      ]
    },
    {
      "mode": "managed",
      "type": "aws_vpc",
      "name": "terraform_iti_vpc",
      "provider": "provider.aws",
      "instances": [
        {
          "schema_version": 1,
          "attributes": {
            "arn": "arn:aws:ec2:us-east-2:863192282163:vpc/vpc-058822710404bc0bb",
            "assign_generated_ipv6_cidr_block": false,
            "cidr_block": "10.0.0.0/16",
            "default_network_acl_id": "acl-09bc2ebaa5b51d205",
            "default_route_table_id": "rtb-0ab43ca2d38f064e0",
            "default_security_group_id": "sg-0bc6bdb0d207a2ef0",
            "dhcp_options_id": "dopt-17bd5f7c",
            "enable_classiclink": null,
            "enable_classiclink_dns_support": null,
            "enable_dns_hostnames": false,
            "enable_dns_support": true,
            "id": "vpc-058822710404bc0bb",
            "instance_tenancy": "default",
            "ipv6_association_id": "",
            "ipv6_cidr_block": "",
            "main_route_table_id": "rtb-0ab43ca2d38f064e0",
            "owner_id": "863192282163",
            "tags": {
              "Name": "terraform_iti_vpc"
            }
          },
          "private": "eyJzY2hlbWFfdmVyc2lvbiI6IjEifQ=="
        }
      ]
    },
    {
      "mode": "managed",
      "type": "local_file",
      "name": "ec2-private-key",
      "provider": "provider.local",
      "instances": [
        {
          "schema_version": 0,
          "attributes": {
            "content": "-----BEGIN RSA PRIVATE KEY-----\nMIIEpAIBAAKCAQEAwAhLc4B73C6rgMkHsBtHVrUdqNQ3OQf+ggd+1ycs2NPQFHvz\nd3EoDdp/17iypMX51RsjFsM8dMPzxNoCzAL1ZEJ4BxI9IaS2FE2b48UGeXy6pkMs\nARXV7jK1iSUdMOf7c6ClLqgrLrvjd/uNiJxvj+iLUE6EGWNZ1ABkl0yqsJZstWQv\nGPwSZmsgOOHBmYLUKeRMAjXCa6JV+13mWIEbEFdfmxD+K2D3wySltjVZ7KrNz6EJ\nFo6y8RMS4L2WVxuDPGxpGeIDjp+4FUCB4i8DZJvhJlobvbesQwuQDX3JkdoJREMy\nJhOPllmN8eRjMFFUv8/qiyhj4a5BCXU1stUwzQIDAQABAoIBAEmmJMHsohRlNdOT\nxkYNgEPJ/NEWawONhFf8ZfJAjRuvyNtCWrMRjAocJfHnXWSCpXnNCZ0eTd5+lMyH\nzJDQBatpLr2PijCQCmEpDsPBeeU4KCHCG2tjI4RSoHsz58ks/6xuDUwipUUsPGZ0\n7OhbDxKDXoLzSgiuqPH9IJdCiShmLoGPWcHJt/R4yOop9aj58Mbs2te8WT+3KJug\nocFthhqRaD+E9BKcsD3JfMgPXr7sOvVGy6El/2ktGLA7JRDmbzJQGATX5v87YeIc\nA+9fUsfTjiIyk6YxQUfjmN924qfgdx0QSIFOJrYn/jnowAtkWSn1gVc8SXvk5Es3\nMBpPtUUCgYEA0fE96kBasOnkCp5laH7oCszRG3qvcaGUuT2oO83wRqh05nSQKSHt\nNeOyeWH2Vm81xLbKsBoDKFuaD/dA+KPzyD7DRcDTYHgvLT42PoA9fyWCM9Dbyk39\neHD+ncN3+kEMUowxhW5NdFgcWtqITRfSsAasvaA5Uu8LiWEvXdiyUzsCgYEA6iky\nQ319ezY5J66vEjeLVqQefLJuoBwB+krfDdrHq6eYyWDfFpzFPSMWXBnyFpq1b78Z\nifyzn7ITw381PybprrM8Zk4B20RJ45uCgcMDl+mFwr7PLatHsAkKZxHa2SgiNWek\n7HMZkoQ7v9lVUu3jCAYZQJE1MVrImowoRdruu5cCgYEApltN34BNHODJJazr2Eiv\nYFd53xdxTE5oRfzYgUMngSXdM/vre9x5VflupAZ/J3CKH61koPSLygAD7WDUZ/Gq\nq+Mn4u7v0AKMB4LDgvUlRcoYCS0X7I+uKTEIYUTRnkjLFeInH38O+wESvt9poAUf\nmwI/ASekJNZswthyqx+Z9p8CgYEAtCUbcUay6b6OfBPsxjQLM42xkrdnWjAR6W/+\naFc/M7UNWyf2mRvktiMvSY4AbBl7qku3pyvNOPe0MrvDyCD0uJ1Vw1MSJJFF0yBJ\nZ/ES66URbgCDvRu/XBOoeCEJX/V7U+C3xdzK+KhYm0DlXpZ7Cio+9SiBZsXz/MoF\nFbDX52MCgYAudFFJjUlY9bhNMS5WJFtgYYo2DdQVXcgkcpkIE48sTVz0Dwsc75kT\nHC3LVRdMq4Lwdsg+1gkR4UnFMi/dJzIWAB2xMqlfkEsVGljAMf0L27aS3EATuh7F\nya5bcRa9FG5cCNRcz03w1ieWjIQJZN9th3I8rqgZU6EybXh6nNm9ZA==\n-----END RSA PRIVATE KEY-----\n",
            "content_base64": null,
            "directory_permission": "0777",
            "file_permission": "0777",
            "filename": "./ec2.pem",
            "id": "29c97bcf6a83c41a427827a58a2325c779da1a5c",
            "sensitive_content": null
          },
          "private": "bnVsbA==",
          "dependencies": [
            "tls_private_key.aws_terraform_key"
          ]
        }
      ]
    },
    {
      "mode": "managed",
      "type": "tls_private_key",
      "name": "aws_terraform_key",
      "provider": "provider.tls",
      "instances": [
        {
          "schema_version": 0,
          "attributes": {
            "algorithm": "RSA",
            "ecdsa_curve": "P224",
            "id": "35784e6e5200e483e7d2ff041d0dedb3c8c13c31",
            "private_key_pem": "-----BEGIN RSA PRIVATE KEY-----\nMIIEpAIBAAKCAQEAwAhLc4B73C6rgMkHsBtHVrUdqNQ3OQf+ggd+1ycs2NPQFHvz\nd3EoDdp/17iypMX51RsjFsM8dMPzxNoCzAL1ZEJ4BxI9IaS2FE2b48UGeXy6pkMs\nARXV7jK1iSUdMOf7c6ClLqgrLrvjd/uNiJxvj+iLUE6EGWNZ1ABkl0yqsJZstWQv\nGPwSZmsgOOHBmYLUKeRMAjXCa6JV+13mWIEbEFdfmxD+K2D3wySltjVZ7KrNz6EJ\nFo6y8RMS4L2WVxuDPGxpGeIDjp+4FUCB4i8DZJvhJlobvbesQwuQDX3JkdoJREMy\nJhOPllmN8eRjMFFUv8/qiyhj4a5BCXU1stUwzQIDAQABAoIBAEmmJMHsohRlNdOT\nxkYNgEPJ/NEWawONhFf8ZfJAjRuvyNtCWrMRjAocJfHnXWSCpXnNCZ0eTd5+lMyH\nzJDQBatpLr2PijCQCmEpDsPBeeU4KCHCG2tjI4RSoHsz58ks/6xuDUwipUUsPGZ0\n7OhbDxKDXoLzSgiuqPH9IJdCiShmLoGPWcHJt/R4yOop9aj58Mbs2te8WT+3KJug\nocFthhqRaD+E9BKcsD3JfMgPXr7sOvVGy6El/2ktGLA7JRDmbzJQGATX5v87YeIc\nA+9fUsfTjiIyk6YxQUfjmN924qfgdx0QSIFOJrYn/jnowAtkWSn1gVc8SXvk5Es3\nMBpPtUUCgYEA0fE96kBasOnkCp5laH7oCszRG3qvcaGUuT2oO83wRqh05nSQKSHt\nNeOyeWH2Vm81xLbKsBoDKFuaD/dA+KPzyD7DRcDTYHgvLT42PoA9fyWCM9Dbyk39\neHD+ncN3+kEMUowxhW5NdFgcWtqITRfSsAasvaA5Uu8LiWEvXdiyUzsCgYEA6iky\nQ319ezY5J66vEjeLVqQefLJuoBwB+krfDdrHq6eYyWDfFpzFPSMWXBnyFpq1b78Z\nifyzn7ITw381PybprrM8Zk4B20RJ45uCgcMDl+mFwr7PLatHsAkKZxHa2SgiNWek\n7HMZkoQ7v9lVUu3jCAYZQJE1MVrImowoRdruu5cCgYEApltN34BNHODJJazr2Eiv\nYFd53xdxTE5oRfzYgUMngSXdM/vre9x5VflupAZ/J3CKH61koPSLygAD7WDUZ/Gq\nq+Mn4u7v0AKMB4LDgvUlRcoYCS0X7I+uKTEIYUTRnkjLFeInH38O+wESvt9poAUf\nmwI/ASekJNZswthyqx+Z9p8CgYEAtCUbcUay6b6OfBPsxjQLM42xkrdnWjAR6W/+\naFc/M7UNWyf2mRvktiMvSY4AbBl7qku3pyvNOPe0MrvDyCD0uJ1Vw1MSJJFF0yBJ\nZ/ES66URbgCDvRu/XBOoeCEJX/V7U+C3xdzK+KhYm0DlXpZ7Cio+9SiBZsXz/MoF\nFbDX52MCgYAudFFJjUlY9bhNMS5WJFtgYYo2DdQVXcgkcpkIE48sTVz0Dwsc75kT\nHC3LVRdMq4Lwdsg+1gkR4UnFMi/dJzIWAB2xMqlfkEsVGljAMf0L27aS3EATuh7F\nya5bcRa9FG5cCNRcz03w1ieWjIQJZN9th3I8rqgZU6EybXh6nNm9ZA==\n-----END RSA PRIVATE KEY-----\n",
            "public_key_fingerprint_md5": "4d:9a:de:15:30:bd:85:69:e9:45:62:ec:fb:41:38:02",
            "public_key_openssh": "ssh-rsa AAAAB3NzaC1yc2EAAAADAQABAAABAQDACEtzgHvcLquAyQewG0dWtR2o1Dc5B/6CB37XJyzY09AUe/N3cSgN2n/XuLKkxfnVGyMWwzx0w/PE2gLMAvVkQngHEj0hpLYUTZvjxQZ5fLqmQywBFdXuMrWJJR0w5/tzoKUuqCsuu+N3+42InG+P6ItQToQZY1nUAGSXTKqwlmy1ZC8Y/BJmayA44cGZgtQp5EwCNcJrolX7XeZYgRsQV1+bEP4rYPfDJKW2NVnsqs3PoQkWjrLxExLgvZZXG4M8bGkZ4gOOn7gVQIHiLwNkm+EmWhu9t6xDC5ANfcmR2glEQzImE4+WWY3x5GMwUVS/z+qLKGPhrkEJdTWy1TDN\n",
            "public_key_pem": "-----BEGIN PUBLIC KEY-----\nMIIBIjANBgkqhkiG9w0BAQEFAAOCAQ8AMIIBCgKCAQEAwAhLc4B73C6rgMkHsBtH\nVrUdqNQ3OQf+ggd+1ycs2NPQFHvzd3EoDdp/17iypMX51RsjFsM8dMPzxNoCzAL1\nZEJ4BxI9IaS2FE2b48UGeXy6pkMsARXV7jK1iSUdMOf7c6ClLqgrLrvjd/uNiJxv\nj+iLUE6EGWNZ1ABkl0yqsJZstWQvGPwSZmsgOOHBmYLUKeRMAjXCa6JV+13mWIEb\nEFdfmxD+K2D3wySltjVZ7KrNz6EJFo6y8RMS4L2WVxuDPGxpGeIDjp+4FUCB4i8D\nZJvhJlobvbesQwuQDX3JkdoJREMyJhOPllmN8eRjMFFUv8/qiyhj4a5BCXU1stUw\nzQIDAQAB\n-----END PUBLIC KEY-----\n",
            "rsa_bits": 2048
          },
          "private": "bnVsbA=="
        }
      ]
    }
  ]
}
